
Microsoft Visual Studio Solution File, Format Version 12.00
# Visual Studio Version 17
VisualStudioVersion = 17.14.37710.0 d17.14
MinimumVisualStudioVersion = 10.0.40219.1
Project("{FAE04EC0-301F-11D3-BF4B-00C04F79EFBC}") = "SpanLab", "SpanLab\SpanLab.csproj", "{1A97D44C-DAC8-4C4F-ACDC-01F9C6A038CE}"
EndProject
Global
	GlobalSection(SolutionConfigurationPlatforms) = preSolution
		Debug|Any CPU = Debug|Any CPU
		Release|Any CPU = Release|Any CPU
	EndGlobalSection
	GlobalSection(ProjectConfigurationPlatforms) = postSolution
		{1A97D44C-DAC8-4C4F-ACDC-01F9C6A038CE}.Debug|Any CPU.ActiveCfg = Debug|Any CPU
		{1A97D44C-DAC8-4C4F-ACDC-01F9C6A038CE}.Debug|Any CPU.Build.0 = Debug|Any CPU
		{1A97D44C-DAC8-4C4F-ACDC-01F9C6A038CE}.Release|Any CPU.ActiveCfg = Release|Any CPU
		{1A97D44C-DAC8-4C4F-ACDC-01F9C6A038CE}.Release|Any CPU.Build.0 = Release|Any CPU
	EndGlobalSection
	GlobalSection(SolutionProperties) = preSolution
		HideSolutionNode = FALSE
	EndGlobalSection
	GlobalSection(ExtensibilityGlobals) = postSolution
		SolutionGuid = {CB390118-2260-4200-B07B-68BD23F8FDEC}
	EndGlobalSection
EndGlobal
